
Microsoft Visual Studio Solution File, Format Version 12.00
# Visual Studio Version 16
VisualStudioVersion = 16.0.30413.136
MinimumVisualStudioVersion = 10.0.40219.1
Project("{8BC9CEB8-8B4A-11D0-8D11-00A0C91BC942}") = "Salaires des représentants", "Salaires des représentants\Salaires des représentants.vcxproj", "{69C85F58-9A08-4F38-B68C-777B1E5DC9F5}"
EndProject
Project("{8BC9CEB8-8B4A-11D0-8D11-00A0C91BC942}") = "Devinette", "Devinette\Devinette.vcxproj", "{866ABF40-DD38-4C78-9765-A661DB4BD52B}"
EndProject
Global
	GlobalSection(SolutionConfigurationPlatforms) = preSolution
		Debug|x64 = Debug|x64
		Debug|x86 = Debug|x86
		Release|x64 = Release|x64
		Release|x86 = Release|x86
	EndGlobalSection
	GlobalSection(ProjectConfigurationPlatforms) = postSolution
		{69C85F58-9A08-4F38-B68C-777B1E5DC9F5}.Debug|x64.ActiveCfg = Debug|x64
		{69C85F58-9A08-4F38-B68C-777B1E5DC9F5}.Debug|x64.Build.0 = Debug|x64
		{69C85F58-9A08-4F38-B68C-777B1E5DC9F5}.Debug|x86.ActiveCfg = Debug|Win32
		{69C85F58-9A08-4F38-B68C-777B1E5DC9F5}.Debug|x86.Build.0 = Debug|Win32
		{69C85F58-9A08-4F38-B68C-777B1E5DC9F5}.Release|x64.ActiveCfg = Release|x64
		{69C85F58-9A08-4F38-B68C-777B1E5DC9F5}.Release|x64.Build.0 = Release|x64
		{69C85F58-9A08-4F38-B68C-777B1E5DC9F5}.Release|x86.ActiveCfg = Release|Win32
		{69C85F58-9A08-4F38-B68C-777B1E5DC9F5}.Release|x86.Build.0 = Release|Win32
		{866ABF40-DD38-4C78-9765-A661DB4BD52B}.Debug|x64.ActiveCfg = Debug|x64
		{866ABF40-DD38-4C78-9765-A661DB4BD52B}.Debug|x64.Build.0 = Debug|x64
		{866ABF40-DD38-4C78-9765-A661DB4BD52B}.Debug|x86.ActiveCfg = Debug|Win32
		{866ABF40-DD38-4C78-9765-A661DB4BD52B}.Debug|x86.Build.0 = Debug|Win32
		{866ABF40-DD38-4C78-9765-A661DB4BD52B}.Release|x64.ActiveCfg = Release|x64
		{866ABF40-DD38-4C78-9765-A661DB4BD52B}.Release|x64.Build.0 = Release|x64
		{866ABF40-DD38-4C78-9765-A661DB4BD52B}.Release|x86.ActiveCfg = Release|Win32
		{866ABF40-DD38-4C78-9765-A661DB4BD52B}.Release|x86.Build.0 = Release|Win32
	EndGlobalSection
	GlobalSection(SolutionProperties) = preSolution
		HideSolutionNode = FALSE
	EndGlobalSection
	GlobalSection(ExtensibilityGlobals) = postSolution
		SolutionGuid = {539DCFA5-F262-433B-9CE9-F33AE8BAA66D}
	EndGlobalSection
EndGlobal
